
Microsoft Visual Studio Solution File, Format Version 11.00
# Visual Studio 2010
Project("{FAE04EC0-301F-11D3-BF4B-00C04F79EFBC}") = "NHibernateAuditLogExample", "src\NHibernateAuditLogExample.csproj", "{96599842-AB65-4B08-9C39-39DF870F5B7C}"
EndProject
Project("{2150E333-8FDC-42A3-9474-1A3956D46DE8}") = "schema", "schema", "{ED8AF8D1-1E25-4CCA-A864-35711628A00C}"
	ProjectSection(SolutionItems) = preProject
		lib\nhibernate-configuration.xsd = lib\nhibernate-configuration.xsd
		lib\nhibernate-mapping.xsd = lib\nhibernate-mapping.xsd
	EndProjectSection
EndProject
Project("{FAE04EC0-301F-11D3-BF4B-00C04F79EFBC}") = "NHibernateAuditLogExample.Test", "NHibernateAuditLogExample.Test\NHibernateAuditLogExample.Test.csproj", "{6B6388B4-6DE4-4F16-8E48-E2992B6D4B44}"
EndProject
Project("{E24C65DC-7377-472B-9ABA-BC803B73C61A}") = "localhost", "http://localhost:6376", "{4BCDD421-84B3-4F50-A34E-0E1A2DDFD8D8}"
	ProjectSection(WebsiteProperties) = preProject
		UseIISExpress = "true"
		TargetFrameworkMoniker = ".NETFramework,Version%3Dv4.0"
		ProjectReferences = "{96599842-AB65-4B08-9C39-39DF870F5B7C}|NHibernateAuditLogExample.dll;"
		Debug.AspNetCompiler.VirtualPath = "/WebSite"
		Debug.AspNetCompiler.PhysicalPath = "WebSite\"
		Debug.AspNetCompiler.TargetPath = "PrecompiledWeb\WebSite\"
		Debug.AspNetCompiler.Updateable = "true"
		Debug.AspNetCompiler.ForceOverwrite = "true"
		Debug.AspNetCompiler.FixedNames = "false"
		Debug.AspNetCompiler.Debug = "True"
		Release.AspNetCompiler.VirtualPath = "/WebSite"
		Release.AspNetCompiler.PhysicalPath = "WebSite\"
		Release.AspNetCompiler.TargetPath = "PrecompiledWeb\WebSite\"
		Release.AspNetCompiler.Updateable = "true"
		Release.AspNetCompiler.ForceOverwrite = "true"
		Release.AspNetCompiler.FixedNames = "false"
		Release.AspNetCompiler.Debug = "False"
		SlnRelativePath = "WebSite\"
		DefaultWebSiteLanguage = "Visual C#"
	EndProjectSection
EndProject
Global
	GlobalSection(SolutionConfigurationPlatforms) = preSolution
		Debug|Any CPU = Debug|Any CPU
		Release|Any CPU = Release|Any CPU
	EndGlobalSection
	GlobalSection(ProjectConfigurationPlatforms) = postSolution
		{96599842-AB65-4B08-9C39-39DF870F5B7C}.Debug|Any CPU.ActiveCfg = Debug|Any CPU
		{96599842-AB65-4B08-9C39-39DF870F5B7C}.Debug|Any CPU.Build.0 = Debug|Any CPU
		{96599842-AB65-4B08-9C39-39DF870F5B7C}.Release|Any CPU.ActiveCfg = Release|Any CPU
		{96599842-AB65-4B08-9C39-39DF870F5B7C}.Release|Any CPU.Build.0 = Release|Any CPU
		{6B6388B4-6DE4-4F16-8E48-E2992B6D4B44}.Debug|Any CPU.ActiveCfg = Debug|Any CPU
		{6B6388B4-6DE4-4F16-8E48-E2992B6D4B44}.Debug|Any CPU.Build.0 = Debug|Any CPU
		{6B6388B4-6DE4-4F16-8E48-E2992B6D4B44}.Release|Any CPU.ActiveCfg = Release|Any CPU
		{6B6388B4-6DE4-4F16-8E48-E2992B6D4B44}.Release|Any CPU.Build.0 = Release|Any CPU
		{4BCDD421-84B3-4F50-A34E-0E1A2DDFD8D8}.Debug|Any CPU.ActiveCfg = Debug|Any CPU
		{4BCDD421-84B3-4F50-A34E-0E1A2DDFD8D8}.Debug|Any CPU.Build.0 = Debug|Any CPU
		{4BCDD421-84B3-4F50-A34E-0E1A2DDFD8D8}.Release|Any CPU.ActiveCfg = Debug|Any CPU
		{4BCDD421-84B3-4F50-A34E-0E1A2DDFD8D8}.Release|Any CPU.Build.0 = Debug|Any CPU
	EndGlobalSection
	GlobalSection(SolutionProperties) = preSolution
		HideSolutionNode = FALSE
	EndGlobalSection
EndGlobal
